
Microsoft Visual Studio Solution File, Format Version 12.00
# Visual Studio Version 16
VisualStudioVersion = 16.0.30330.147
MinimumVisualStudioVersion = 10.0.40219.1
Project("{2150E333-8FDC-42A3-9474-1A3956D46DE8}") = "Solution Items", "Solution Items", "{1AA02FDC-18A7-4E76-8E04-4081C8BF0F38}"
	ProjectSection(SolutionItems) = preProject
		.editorconfig = .editorconfig
		LICENSE = LICENSE
		README.md = README.md
	EndProjectSection
EndProject
Project("{FAE04EC0-301F-11D3-BF4B-00C04F79EFBC}") = "DragVSMainWindow", "DragVSMainWindow\DragVSMainWindow.csproj", "{FAB4141C-7730-4BD2-B649-2A4C6A723210}"
EndProject
Global
	GlobalSection(SolutionConfigurationPlatforms) = preSolution
		Debug|Any CPU = Debug|Any CPU
		Release|Any CPU = Release|Any CPU
	EndGlobalSection
	GlobalSection(ProjectConfigurationPlatforms) = postSolution
		{FAB4141C-7730-4BD2-B649-2A4C6A723210}.Debug|Any CPU.ActiveCfg = Debug|Any CPU
		{FAB4141C-7730-4BD2-B649-2A4C6A723210}.Debug|Any CPU.Build.0 = Debug|Any CPU
		{FAB4141C-7730-4BD2-B649-2A4C6A723210}.Release|Any CPU.ActiveCfg = Release|Any CPU
		{FAB4141C-7730-4BD2-B649-2A4C6A723210}.Release|Any CPU.Build.0 = Release|Any CPU
	EndGlobalSection
	GlobalSection(SolutionProperties) = preSolution
		HideSolutionNode = FALSE
	EndGlobalSection
	GlobalSection(ExtensibilityGlobals) = postSolution
		SolutionGuid = {8A141DFB-24EC-4FA9-A584-9704B07AAD4A}
	EndGlobalSection
EndGlobal
